PODS:
  - FSCalendar (2.7.9)
  - OptionSelector (0.2.3)
  - Pantomime (0.1.5)
  - SwiftyJSON (4.3.0)

DEPENDENCIES:
  - FSCalendar (= 2.7.9)
  - OptionSelector (~> 0.2)
  - Pantomime (from `https://github.com/inickt/Pantomime.git`, branch `master`)
  - SwiftyJSON

SPEC REPOS:
  https://github.com/cocoapods/specs.git:
    - FSCalendar
    - OptionSelector
    - SwiftyJSON

EXTERNAL SOURCES:
  Pantomime:
    :branch: master
    :git: https://github.com/inickt/Pantomime.git

CHECKOUT OPTIONS:
  Pantomime:
    :commit: be741c901b3e2f02542a4789777b390023546cd4
    :git: https://github.com/inickt/Pantomime.git

SPEC CHECKSUMS:
  FSCalendar: a04b09f16f811bc92e82f3cf852a15225233b9d5
  OptionSelector: 2caec96f48686f40eacf73630e472ed774f73fa7
  Pantomime: 2aec2b603b91f6d5a4774ecce9c0ed073d3b4e5d
  SwiftyJSON: 6faa0040f8b59dead0ee07436cbf76b73c08fd08

PODFILE CHECKSUM: 342b776d907eb667332221f297f2ccd015d11b18

COCOAPODS: 1.6.1
