// !$*UTF8*$!
{
	archiveVersion = 1;
	classes = {
	};
	objectVersion = 48;
	objects = {

/* Begin PBXBuildFile section */
		010DB56720423DF300DFB4A0 /* Logos.xcassets in Resources */ = {isa = PBXBuildFile; fileRef = 010DB56620423DF300DFB4A0 /* Logos.xcassets */; };
		010E4584203A6964001EF46C /* MainViewController.swift in Sources */ = {isa = PBXBuildFile; fileRef = 010E4583203A6964001EF46C /* MainViewController.swift */; };
		010E4586203A6B4A001EF46C /* Icons.xcassets in Resources */ = {isa = PBXBuildFile; fileRef = 010E4585203A6B4A001EF46C /* Icons.xcassets */; };
		012CB8AF203A3E7C00E76740 /* AppDelegate.swift in Sources */ = {isa = PBXBuildFile; fileRef = 012CB8AE203A3E7C00E76740 /* AppDelegate.swift */; };
		012CB8B6203A3E7C00E76740 /* Main.storyboard in Resources */ = {isa = PBXBuildFile; fileRef = 012CB8B4203A3E7C00E76740 /* Main.storyboard */; };
		012CB8B8203A3E7C00E76740 /* Assets.xcassets in Resources */ = {isa = PBXBuildFile; fileRef = 012CB8B7203A3E7C00E76740 /* Assets.xcassets */; };
		012CB8BB203A3E7C00E76740 /* LaunchScreen.storyboard in Resources */ = {isa = PBXBuildFile; fileRef = 012CB8B9203A3E7C00E76740 /* LaunchScreen.storyboard */; };
		01434A742040D3FF0094E221 /* GameTableViewCell.swift in Sources */ = {isa = PBXBuildFile; fileRef = 01434A732040D3FF0094E221 /* GameTableViewCell.swift */; };
		01434A762040DAA70094E221 /* GameViewController.swift in Sources */ = {isa = PBXBuildFile; fileRef = 01434A752040DAA70094E221 /* GameViewController.swift */; };
		015F345E2050CFC40005453C /* TeamManager.swift in Sources */ = {isa = PBXBuildFile; fileRef = 015F345D2050CFC40005453C /* TeamManager.swift */; };
		019EA59B203E6FF8000149A3 /* Teams.swift in Sources */ = {isa = PBXBuildFile; fileRef = 019EA59A203E6FF8000149A3 /* Teams.swift */; };
		01ABFDBC20545C68005D57C5 /* Feed.swift in Sources */ = {isa = PBXBuildFile; fileRef = 01ABFDBB20545C68005D57C5 /* Feed.swift */; };
		01E593CA204B03F800CE338A /* GameManager.swift in Sources */ = {isa = PBXBuildFile; fileRef = 01E593C9204B03F800CE338A /* GameManager.swift */; };
		01E593CE204B07E400CE338A /* Game.swift in Sources */ = {isa = PBXBuildFile; fileRef = 01E593CD204B07E400CE338A /* Game.swift */; };
		2DBB500360049A35282D0F72 /* Pods_LazyMan_iOS.framework in Frameworks */ = {isa = PBXBuildFile; fileRef = 6692BA5DC5F8089A7F24FDEC /* Pods_LazyMan_iOS.framework */; };
/* End PBXBuildFile section */

/* Begin PBXFileReference section */
		010DB56620423DF300DFB4A0 /* Logos.xcassets */ = {isa = PBXFileReference; lastKnownFileType = folder.assetcatalog; path = Logos.xcassets; sourceTree = "<group>"; };
		010E4583203A6964001EF46C /* MainViewController.swift */ = {isa = PBXFileReference; lastKnownFileType = sourcecode.swift; path = MainViewController.swift; sourceTree = "<group>"; };
		010E4585203A6B4A001EF46C /* Icons.xcassets */ = {isa = PBXFileReference; lastKnownFileType = folder.assetcatalog; path = Icons.xcassets; sourceTree = "<group>"; };
		012CB8AB203A3E7C00E76740 /* LazyMan-iOS.app */ = {isa = PBXFileReference; explicitFileType = wrapper.application; includeInIndex = 0; path = "LazyMan-iOS.app"; sourceTree = BUILT_PRODUCTS_DIR; };
		012CB8AE203A3E7C00E76740 /* AppDelegate.swift */ = {isa = PBXFileReference; lastKnownFileType = sourcecode.swift; path = AppDelegate.swift; sourceTree = "<group>"; };
		012CB8B5203A3E7C00E76740 /* Base */ = {isa = PBXFileReference; lastKnownFileType = file.storyboard; name = Base; path = Base.lproj/Main.storyboard; sourceTree = "<group>"; };
		012CB8B7203A3E7C00E76740 /* Assets.xcassets */ = {isa = PBXFileReference; lastKnownFileType = folder.assetcatalog; path = Assets.xcassets; sourceTree = "<group>"; };
		012CB8BA203A3E7C00E76740 /* Base */ = {isa = PBXFileReference; lastKnownFileType = file.storyboard; name = Base; path = Base.lproj/LaunchScreen.storyboard; sourceTree = "<group>"; };
		012CB8BC203A3E7C00E76740 /* Info.plist */ = {isa = PBXFileReference; lastKnownFileType = text.plist.xml; path = Info.plist; sourceTree = "<group>"; };
		01434A732040D3FF0094E221 /* GameTableViewCell.swift */ = {isa = PBXFileReference; lastKnownFileType = sourcecode.swift; path = GameTableViewCell.swift; sourceTree = "<group>"; };
		01434A752040DAA70094E221 /* GameViewController.swift */ = {isa = PBXFileReference; lastKnownFileType = sourcecode.swift; path = GameViewController.swift; sourceTree = "<group>"; };
		015F345D2050CFC40005453C /* TeamManager.swift */ = {isa = PBXFileReference; lastKnownFileType = sourcecode.swift; path = TeamManager.swift; sourceTree = "<group>"; };
		019EA59A203E6FF8000149A3 /* Teams.swift */ = {isa = PBXFileReference; lastKnownFileType = sourcecode.swift; path = Teams.swift; sourceTree = "<group>"; };
		01ABFDBB20545C68005D57C5 /* Feed.swift */ = {isa = PBXFileReference; lastKnownFileType = sourcecode.swift; path = Feed.swift; sourceTree = "<group>"; };
		01E593C9204B03F800CE338A /* GameManager.swift */ = {isa = PBXFileReference; lastKnownFileType = sourcecode.swift; path = GameManager.swift; sourceTree = "<group>"; };
		01E593CD204B07E400CE338A /* Game.swift */ = {isa = PBXFileReference; lastKnownFileType = sourcecode.swift; path = Game.swift; sourceTree = "<group>"; };
		6692BA5DC5F8089A7F24FDEC /* Pods_LazyMan_iOS.framework */ = {isa = PBXFileReference; explicitFileType = wrapper.framework; includeInIndex = 0; path = Pods_LazyMan_iOS.framework; sourceTree = BUILT_PRODUCTS_DIR; };
		AB4E0BF11AC215B0A921B72A /* Pods-LazyMan-iOS.release.xcconfig */ = {isa = PBXFileReference; includeInIndex = 1; lastKnownFileType = text.xcconfig; name = "Pods-LazyMan-iOS.release.xcconfig"; path = "Pods/Target Support Files/Pods-LazyMan-iOS/Pods-LazyMan-iOS.release.xcconfig"; sourceTree = "<group>"; };
		C2466E3CA23A454708E0B525 /* Pods-LazyMan-iOS.debug.xcconfig */ = {isa = PBXFileReference; includeInIndex = 1; lastKnownFileType = text.xcconfig; name = "Pods-LazyMan-iOS.debug.xcconfig"; path = "Pods/Target Support Files/Pods-LazyMan-iOS/Pods-LazyMan-iOS.debug.xcconfig"; sourceTree = "<group>"; };
/* End PBXFileReference section */

/* Begin PBXFrameworksBuildPhase section */
		012CB8A8203A3E7C00E76740 /* Frameworks */ = {
			isa = PBXFrameworksBuildPhase;
			buildActionMask = 2147483647;
			files = (
				2DBB500360049A35282D0F72 /* Pods_LazyMan_iOS.framework in Frameworks */,
			);
			runOnlyForDeploymentPostprocessing = 0;
		};
/* End PBXFrameworksBuildPhase section */

/* Begin PBXGroup section */
		012CB8A2203A3E7C00E76740 = {
			isa = PBXGroup;
			children = (
				012CB8AD203A3E7C00E76740 /* LazyMan-iOS */,
				012CB8AC203A3E7C00E76740 /* Products */,
				1A68C0BF12E806DE05FE9B6A /* Pods */,
				C7D593CA64B6680B8DA9516F /* Frameworks */,
			);
			sourceTree = "<group>";
		};
		012CB8AC203A3E7C00E76740 /* Products */ = {
			isa = PBXGroup;
			children = (
				012CB8AB203A3E7C00E76740 /* LazyMan-iOS.app */,
			);
			name = Products;
			sourceTree = "<group>";
		};
		012CB8AD203A3E7C00E76740 /* LazyMan-iOS */ = {
			isa = PBXGroup;
			children = (
				012CB8AE203A3E7C00E76740 /* AppDelegate.swift */,
				012CB8B4203A3E7C00E76740 /* Main.storyboard */,
				012CB8B7203A3E7C00E76740 /* Assets.xcassets */,
				012CB8B9203A3E7C00E76740 /* LaunchScreen.storyboard */,
				012CB8BC203A3E7C00E76740 /* Info.plist */,
				010E4583203A6964001EF46C /* MainViewController.swift */,
				010E4585203A6B4A001EF46C /* Icons.xcassets */,
				019EA59A203E6FF8000149A3 /* Teams.swift */,
				01434A732040D3FF0094E221 /* GameTableViewCell.swift */,
				01434A752040DAA70094E221 /* GameViewController.swift */,
				010DB56620423DF300DFB4A0 /* Logos.xcassets */,
				01E593C9204B03F800CE338A /* GameManager.swift */,
				01E593CD204B07E400CE338A /* Game.swift */,
				015F345D2050CFC40005453C /* TeamManager.swift */,
				01ABFDBB20545C68005D57C5 /* Feed.swift */,
			);
			path = "LazyMan-iOS";
			sourceTree = "<group>";
		};
		1A68C0BF12E806DE05FE9B6A /* Pods */ = {
			isa = PBXGroup;
			children = (
				C2466E3CA23A454708E0B525 /* Pods-LazyMan-iOS.debug.xcconfig */,
				AB4E0BF11AC215B0A921B72A /* Pods-LazyMan-iOS.release.xcconfig */,
			);
			name = Pods;
			sourceTree = "<group>";
		};
		C7D593CA64B6680B8DA9516F /* Frameworks */ = {
			isa = PBXGroup;
			children = (
				6692BA5DC5F8089A7F24FDEC /* Pods_LazyMan_iOS.framework */,
			);
			name = Frameworks;
			sourceTree = "<group>";
		};
/* End PBXGroup section */

/* Begin PBXNativeTarget section */
		012CB8AA203A3E7C00E76740 /* LazyMan-iOS */ = {
			isa = PBXNativeTarget;
			buildConfigurationList = 012CB8BF203A3E7C00E76740 /* Build configuration list for PBXNativeTarget "LazyMan-iOS" */;
			buildPhases = (
				1A27598C587C0F45B8858311 /* [CP] Check Pods Manifest.lock */,
				012CB8A7203A3E7C00E76740 /* Sources */,
				012CB8A8203A3E7C00E76740 /* Frameworks */,
				012CB8A9203A3E7C00E76740 /* Resources */,
				426B6D90171E64CC4320375D /* [CP] Embed Pods Frameworks */,
				217844BAFF81752828390607 /* [CP] Copy Pods Resources */,
			);
			buildRules = (
			);
			dependencies = (
			);
			name = "LazyMan-iOS";
			productName = "LazyMan-iOS";
			productReference = 012CB8AB203A3E7C00E76740 /* LazyMan-iOS.app */;
			productType = "com.apple.product-type.application";
		};
/* End PBXNativeTarget section */

/* Begin PBXProject section */
		012CB8A3203A3E7C00E76740 /* Project object */ = {
			isa = PBXProject;
			attributes = {
				LastSwiftUpdateCheck = 0920;
				LastUpgradeCheck = 0920;
				ORGANIZATIONNAME = "Nick Thompson";
				TargetAttributes = {
					012CB8AA203A3E7C00E76740 = {
						CreatedOnToolsVersion = 9.2;
						ProvisioningStyle = Automatic;
					};
				};
			};
			buildConfigurationList = 012CB8A6203A3E7C00E76740 /* Build configuration list for PBXProject "LazyMan-iOS" */;
			compatibilityVersion = "Xcode 8.0";
			developmentRegion = en;
			hasScannedForEncodings = 0;
			knownRegions = (
				en,
				Base,
			);
			mainGroup = 012CB8A2203A3E7C00E76740;
			productRefGroup = 012CB8AC203A3E7C00E76740 /* Products */;
			projectDirPath = "";
			projectRoot = "";
			targets = (
				012CB8AA203A3E7C00E76740 /* LazyMan-iOS */,
			);
		};
/* End PBXProject section */

/* Begin PBXResourcesBuildPhase section */
		012CB8A9203A3E7C00E76740 /* Resources */ = {
			isa = PBXResourcesBuildPhase;
			buildActionMask = 2147483647;
			files = (
				012CB8BB203A3E7C00E76740 /* LaunchScreen.storyboard in Resources */,
				012CB8B8203A3E7C00E76740 /* Assets.xcassets in Resources */,
				010E4586203A6B4A001EF46C /* Icons.xcassets in Resources */,
				012CB8B6203A3E7C00E76740 /* Main.storyboard in Resources */,
				010DB56720423DF300DFB4A0 /* Logos.xcassets in Resources */,
			);
			runOnlyForDeploymentPostprocessing = 0;
		};
/* End PBXResourcesBuildPhase section */

/* Begin PBXShellScriptBuildPhase section */
		1A27598C587C0F45B8858311 /* [CP] Check Pods Manifest.lock */ = {
			isa = PBXShellScriptBuildPhase;
			buildActionMask = 2147483647;
			files = (
			);
			inputPaths = (
				"${PODS_PODFILE_DIR_PATH}/Podfile.lock",
				"${PODS_ROOT}/Manifest.lock",
			);
			name = "[CP] Check Pods Manifest.lock";
			outputPaths = (
				"$(DERIVED_FILE_DIR)/Pods-LazyMan-iOS-checkManifestLockResult.txt",
			);
			runOnlyForDeploymentPostprocessing = 0;
			shellPath = /bin/sh;
			shellScript = "diff \"${PODS_PODFILE_DIR_PATH}/Podfile.lock\" \"${PODS_ROOT}/Manifest.lock\" > /dev/null\nif [ $? != 0 ] ; then\n    # print error to STDERR\n    echo \"error: The sandbox is not in sync with the Podfile.lock. Run 'pod install' or update your CocoaPods installation.\" >&2\n    exit 1\nfi\n# This output is used by Xcode 'outputs' to avoid re-running this script phase.\necho \"SUCCESS\" > \"${SCRIPT_OUTPUT_FILE_0}\"\n";
			showEnvVarsInLog = 0;
		};
		217844BAFF81752828390607 /* [CP] Copy Pods Resources */ = {
			isa = PBXShellScriptBuildPhase;
			buildActionMask = 2147483647;
			files = (
			);
			inputPaths = (
			);
			name = "[CP] Copy Pods Resources";
			outputPaths = (
			);
			runOnlyForDeploymentPostprocessing = 0;
			shellPath = /bin/sh;
			shellScript = "\"${SRCROOT}/Pods/Target Support Files/Pods-LazyMan-iOS/Pods-LazyMan-iOS-resources.sh\"\n";
			showEnvVarsInLog = 0;
		};
		426B6D90171E64CC4320375D /* [CP] Embed Pods Frameworks */ = {
			isa = PBXShellScriptBuildPhase;
			buildActionMask = 2147483647;
			files = (
			);
			inputPaths = (
				"${SRCROOT}/Pods/Target Support Files/Pods-LazyMan-iOS/Pods-LazyMan-iOS-frameworks.sh",
				"${BUILT_PRODUCTS_DIR}/FSCalendar/FSCalendar.framework",
				"${BUILT_PRODUCTS_DIR}/SwiftyJSON/SwiftyJSON.framework",
			);
			name = "[CP] Embed Pods Frameworks";
			outputPaths = (
				"${TARGET_BUILD_DIR}/${FRAMEWORKS_FOLDER_PATH}/FSCalendar.framework",
				"${TARGET_BUILD_DIR}/${FRAMEWORKS_FOLDER_PATH}/SwiftyJSON.framework",
			);
			runOnlyForDeploymentPostprocessing = 0;
			shellPath = /bin/sh;
			shellScript = "\"${SRCROOT}/Pods/Target Support Files/Pods-LazyMan-iOS/Pods-LazyMan-iOS-frameworks.sh\"\n";
			showEnvVarsInLog = 0;
		};
/* End PBXShellScriptBuildPhase section */

/* Begin PBXSourcesBuildPhase section */
		012CB8A7203A3E7C00E76740 /* Sources */ = {
			isa = PBXSourcesBuildPhase;
			buildActionMask = 2147483647;
			files = (
				01434A762040DAA70094E221 /* GameViewController.swift in Sources */,
				01ABFDBC20545C68005D57C5 /* Feed.swift in Sources */,
				01E593CA204B03F800CE338A /* GameManager.swift in Sources */,
				01E593CE204B07E400CE338A /* Game.swift in Sources */,
				019EA59B203E6FF8000149A3 /* Teams.swift in Sources */,
				012CB8AF203A3E7C00E76740 /* AppDelegate.swift in Sources */,
				010E4584203A6964001EF46C /* MainViewController.swift in Sources */,
				015F345E2050CFC40005453C /* TeamManager.swift in Sources */,
				01434A742040D3FF0094E221 /* GameTableViewCell.swift in Sources */,
			);
			runOnlyForDeploymentPostprocessing = 0;
		};
/* End PBXSourcesBuildPhase section */

/* Begin PBXVariantGroup section */
		012CB8B4203A3E7C00E76740 /* Main.storyboard */ = {
			isa = PBXVariantGroup;
			children = (
				012CB8B5203A3E7C00E76740 /* Base */,
			);
			name = Main.storyboard;
			sourceTree = "<group>";
		};
		012CB8B9203A3E7C00E76740 /* LaunchScreen.storyboard */ = {
			isa = PBXVariantGroup;
			children = (
				012CB8BA203A3E7C00E76740 /* Base */,
			);
			name = LaunchScreen.storyboard;
			sourceTree = "<group>";
		};
/* End PBXVariantGroup section */

/* Begin XCBuildConfiguration section */
		012CB8BD203A3E7C00E76740 /* Debug */ = {
			isa = XCBuildConfiguration;
			buildSettings = {
				ALWAYS_SEARCH_USER_PATHS = NO;
				CLANG_ANALYZER_NONNULL = YES;
				CLANG_ANALYZER_NUMBER_OBJECT_CONVERSION = YES_AGGRESSIVE;
				CLANG_CXX_LANGUAGE_STANDARD = "gnu++14";
				CLANG_CXX_LIBRARY = "libc++";
				CLANG_ENABLE_MODULES = YES;
				CLANG_ENABLE_OBJC_ARC = YES;
				CLANG_WARN_BLOCK_CAPTURE_AUTORELEASING = YES;
				CLANG_WARN_BOOL_CONVERSION = YES;
				CLANG_WARN_COMMA = YES;
				CLANG_WARN_CONSTANT_CONVERSION = YES;
				CLANG_WARN_DIRECT_OBJC_ISA_USAGE = YES_ERROR;
				CLANG_WARN_DOCUMENTATION_COMMENTS = YES;
				CLANG_WARN_EMPTY_BODY = YES;
				CLANG_WARN_ENUM_CONVERSION = YES;
				CLANG_WARN_INFINITE_RECURSION = YES;
				CLANG_WARN_INT_CONVERSION = YES;
				CLANG_WARN_NON_LITERAL_NULL_CONVERSION = YES;
				CLANG_WARN_OBJC_LITERAL_CONVERSION = YES;
				CLANG_WARN_OBJC_ROOT_CLASS = YES_ERROR;
				CLANG_WARN_RANGE_LOOP_ANALYSIS = YES;
				CLANG_WARN_STRICT_PROTOTYPES = YES;
				CLANG_WARN_SUSPICIOUS_MOVE = YES;
				CLANG_WARN_UNGUARDED_AVAILABILITY = YES_AGGRESSIVE;
				CLANG_WARN_UNREACHABLE_CODE = YES;
				CLANG_WARN__DUPLICATE_METHOD_MATCH = YES;
				CODE_SIGN_IDENTITY = "iPhone Developer";
				COPY_PHASE_STRIP = NO;
				DEBUG_INFORMATION_FORMAT = dwarf;
				ENABLE_STRICT_OBJC_MSGSEND = YES;
				ENABLE_TESTABILITY = YES;
				GCC_C_LANGUAGE_STANDARD = gnu11;
				GCC_DYNAMIC_NO_PIC = NO;
				GCC_NO_COMMON_BLOCKS = YES;
				GCC_OPTIMIZATION_LEVEL = 0;
				GCC_PREPROCESSOR_DEFINITIONS = (
					"DEBUG=1",
					"$(inherited)",
				);
				GCC_WARN_64_TO_32_BIT_CONVERSION = YES;
				GCC_WARN_ABOUT_RETURN_TYPE = YES_ERROR;
				GCC_WARN_UNDECLARED_SELECTOR = YES;
				GCC_WARN_UNINITIALIZED_AUTOS = YES_AGGRESSIVE;
				GCC_WARN_UNUSED_FUNCTION = YES;
				GCC_WARN_UNUSED_VARIABLE = YES;
				IPHONEOS_DEPLOYMENT_TARGET = 10.0;
				MTL_ENABLE_DEBUG_INFO = YES;
				ONLY_ACTIVE_ARCH = YES;
				SDKROOT = iphoneos;
				SWIFT_ACTIVE_COMPILATION_CONDITIONS = DEBUG;
				SWIFT_OPTIMIZATION_LEVEL = "-Onone";
			};
			name = Debug;
		};
		012CB8BE203A3E7C00E76740 /* Release */ = {
			isa = XCBuildConfiguration;
			buildSettings = {
				ALWAYS_SEARCH_USER_PATHS = NO;
				CLANG_ANALYZER_NONNULL = YES;
				CLANG_ANALYZER_NUMBER_OBJECT_CONVERSION = YES_AGGRESSIVE;
				CLANG_CXX_LANGUAGE_STANDARD = "gnu++14";
				CLANG_CXX_LIBRARY = "libc++";
				CLANG_ENABLE_MODULES = YES;
				CLANG_ENABLE_OBJC_ARC = YES;
				CLANG_WARN_BLOCK_CAPTURE_AUTORELEASING = YES;
				CLANG_WARN_BOOL_CONVERSION = YES;
				CLANG_WARN_COMMA = YES;
				CLANG_WARN_CONSTANT_CONVERSION = YES;
				CLANG_WARN_DIRECT_OBJC_ISA_USAGE = YES_ERROR;
				CLANG_WARN_DOCUMENTATION_COMMENTS = YES;
				CLANG_WARN_EMPTY_BODY = YES;
				CLANG_WARN_ENUM_CONVERSION = YES;
				CLANG_WARN_INFINITE_RECURSION = YES;
				CLANG_WARN_INT_CONVERSION = YES;
				CLANG_WARN_NON_LITERAL_NULL_CONVERSION = YES;
				CLANG_WARN_OBJC_LITERAL_CONVERSION = YES;
				CLANG_WARN_OBJC_ROOT_CLASS = YES_ERROR;
				CLANG_WARN_RANGE_LOOP_ANALYSIS = YES;
				CLANG_WARN_STRICT_PROTOTYPES = YES;
				CLANG_WARN_SUSPICIOUS_MOVE = YES;
				CLANG_WARN_UNGUARDED_AVAILABILITY = YES_AGGRESSIVE;
				CLANG_WARN_UNREACHABLE_CODE = YES;
				CLANG_WARN__DUPLICATE_METHOD_MATCH = YES;
				CODE_SIGN_IDENTITY = "iPhone Developer";
				COPY_PHASE_STRIP = NO;
				DEBUG_INFORMATION_FORMAT = "dwarf-with-dsym";
				ENABLE_NS_ASSERTIONS = NO;
				ENABLE_STRICT_OBJC_MSGSEND = YES;
				GCC_C_LANGUAGE_STANDARD = gnu11;
				GCC_NO_COMMON_BLOCKS = YES;
				GCC_WARN_64_TO_32_BIT_CONVERSION = YES;
				GCC_WARN_ABOUT_RETURN_TYPE = YES_ERROR;
				GCC_WARN_UNDECLARED_SELECTOR = YES;
				GCC_WARN_UNINITIALIZED_AUTOS = YES_AGGRESSIVE;
				GCC_WARN_UNUSED_FUNCTION = YES;
				GCC_WARN_UNUSED_VARIABLE = YES;
				IPHONEOS_DEPLOYMENT_TARGET = 10.0;
				MTL_ENABLE_DEBUG_INFO = NO;
				SDKROOT = iphoneos;
				SWIFT_OPTIMIZATION_LEVEL = "-Owholemodule";
				VALIDATE_PRODUCT = YES;
			};
			name = Release;
		};
		012CB8C0203A3E7C00E76740 /* Debug */ = {
			isa = XCBuildConfiguration;
			baseConfigurationReference = C2466E3CA23A454708E0B525 /* Pods-LazyMan-iOS.debug.xcconfig */;
			buildSettings = {
				ASSETCATALOG_COMPILER_APPICON_NAME = AppIcon;
				CODE_SIGN_STYLE = Automatic;
				DEVELOPMENT_TEAM = 8SQNZE245D;
				INFOPLIST_FILE = "LazyMan-iOS/Info.plist";
				LD_RUNPATH_SEARCH_PATHS = "$(inherited) @executable_path/Frameworks";
				PRODUCT_BUNDLE_IDENTIFIER = "guru.nickthompson.LazyMan-iOS";
				PRODUCT_NAME = "$(TARGET_NAME)";
				SWIFT_VERSION = 4.0;
				TARGETED_DEVICE_FAMILY = "1,2";
			};
			name = Debug;
		};
		012CB8C1203A3E7C00E76740 /* Release */ = {
			isa = XCBuildConfiguration;
			baseConfigurationReference = AB4E0BF11AC215B0A921B72A /* Pods-LazyMan-iOS.release.xcconfig */;
			buildSettings = {
				ASSETCATALOG_COMPILER_APPICON_NAME = AppIcon;
				CODE_SIGN_STYLE = Automatic;
				DEVELOPMENT_TEAM = 8SQNZE245D;
				INFOPLIST_FILE = "LazyMan-iOS/Info.plist";
				LD_RUNPATH_SEARCH_PATHS = "$(inherited) @executable_path/Frameworks";
				PRODUCT_BUNDLE_IDENTIFIER = "guru.nickthompson.LazyMan-iOS";
				PRODUCT_NAME = "$(TARGET_NAME)";
				SWIFT_VERSION = 4.0;
				TARGETED_DEVICE_FAMILY = "1,2";
			};
			name = Release;
		};
/* End XCBuildConfiguration section */

/* Begin XCConfigurationList section */
		012CB8A6203A3E7C00E76740 /* Build configuration list for PBXProject "LazyMan-iOS" */ = {
			isa = XCConfigurationList;
			buildConfigurations = (
				012CB8BD203A3E7C00E76740 /* Debug */,
				012CB8BE203A3E7C00E76740 /* Release */,
			);
			defaultConfigurationIsVisible = 0;
			defaultConfigurationName = Release;
		};
		012CB8BF203A3E7C00E76740 /* Build configuration list for PBXNativeTarget "LazyMan-iOS" */ = {
			isa = XCConfigurationList;
			buildConfigurations = (
				012CB8C0203A3E7C00E76740 /* Debug */,
				012CB8C1203A3E7C00E76740 /* Release */,
			);
			defaultConfigurationIsVisible = 0;
			defaultConfigurationName = Release;
		};
/* End XCConfigurationList section */
	};
	rootObject = 012CB8A3203A3E7C00E76740 /* Project object */;
}
