// !$*UTF8*$!
{
	archiveVersion = 1;
	classes = {
	};
	objectVersion = 48;
	objects = {

/* Begin PBXBuildFile section */
		010DB56720423DF300DFB4A0 /* Logos.xcassets in Resources */ = {isa = PBXBuildFile; fileRef = 010DB56620423DF300DFB4A0 /* Logos.xcassets */; };
		010E4584203A6964001EF46C /* GameListViewController.swift in Sources */ = {isa = PBXBuildFile; fileRef = 010E4583203A6964001EF46C /* GameListViewController.swift */; };
		010E4586203A6B4A001EF46C /* Icons.xcassets in Resources */ = {isa = PBXBuildFile; fileRef = 010E4585203A6B4A001EF46C /* Icons.xcassets */; };
		012CB8AF203A3E7C00E76740 /* AppDelegate.swift in Sources */ = {isa = PBXBuildFile; fileRef = 012CB8AE203A3E7C00E76740 /* AppDelegate.swift */; };
		012CB8B6203A3E7C00E76740 /* GameList.storyboard in Resources */ = {isa = PBXBuildFile; fileRef = 012CB8B4203A3E7C00E76740 /* GameList.storyboard */; };
		012CB8B8203A3E7C00E76740 /* Assets.xcassets in Resources */ = {isa = PBXBuildFile; fileRef = 012CB8B7203A3E7C00E76740 /* Assets.xcassets */; };
		012CB8BB203A3E7C00E76740 /* LaunchScreen.storyboard in Resources */ = {isa = PBXBuildFile; fileRef = 012CB8B9203A3E7C00E76740 /* LaunchScreen.storyboard */; };
		01344C862061D0EC0040BDE7 /* Game.storyboard in Resources */ = {isa = PBXBuildFile; fileRef = 01D0F3CB2061CFB9008174EC /* Game.storyboard */; };
		01344C8B2061D32E0040BDE7 /* GamePresenter.swift in Sources */ = {isa = PBXBuildFile; fileRef = 01344C8A2061D32E0040BDE7 /* GamePresenter.swift */; };
		013959EA207ADF3B00E37E9C /* JSONLoader.swift in Sources */ = {isa = PBXBuildFile; fileRef = 013959E9207ADF3B00E37E9C /* JSONLoader.swift */; };
		01434A742040D3FF0094E221 /* GameTableViewCell.swift in Sources */ = {isa = PBXBuildFile; fileRef = 01434A732040D3FF0094E221 /* GameTableViewCell.swift */; };
		01434A762040DAA70094E221 /* GameViewController.swift in Sources */ = {isa = PBXBuildFile; fileRef = 01434A752040DAA70094E221 /* GameViewController.swift */; };
		015F345E2050CFC40005453C /* TeamManager.swift in Sources */ = {isa = PBXBuildFile; fileRef = 015F345D2050CFC40005453C /* TeamManager.swift */; };
		015F34602055EA960005453C /* GameSettingsViewController.swift in Sources */ = {isa = PBXBuildFile; fileRef = 015F345F2055EA960005453C /* GameSettingsViewController.swift */; };
		015F34622055F1550005453C /* GameSettingsOptionsViewController.swift in Sources */ = {isa = PBXBuildFile; fileRef = 015F34612055F1550005453C /* GameSettingsOptionsViewController.swift */; };
		01794C6C2072FFD5008FFFEE /* GameOptionSelector.swift in Sources */ = {isa = PBXBuildFile; fileRef = 01794C6B2072FFD5008FFFEE /* GameOptionSelector.swift */; };
		0179AEC02076BC4E00539C6D /* ObjectSelector.swift in Sources */ = {isa = PBXBuildFile; fileRef = 0179AEBF2076BC4E00539C6D /* ObjectSelector.swift */; };
		0179AEC22076DB5D00539C6D /* nhlschedule2018-04-05.json in Resources */ = {isa = PBXBuildFile; fileRef = 0179AEC12076DB5D00539C6D /* nhlschedule2018-04-05.json */; };
		0179AEC42076F84200539C6D /* mlbschedule2018-04-05.json in Resources */ = {isa = PBXBuildFile; fileRef = 0179AEC32076F84200539C6D /* mlbschedule2018-04-05.json */; };
		0179AEC62076FC8000539C6D /* GameListPresenter.swift in Sources */ = {isa = PBXBuildFile; fileRef = 0179AEC52076FC8000539C6D /* GameListPresenter.swift */; };
		0186CA43208A7BE800F7907A /* UIView+searcVisualEffectsSubview.swift in Sources */ = {isa = PBXBuildFile; fileRef = 0186CA42208A7BE800F7907A /* UIView+searcVisualEffectsSubview.swift */; };
		019387BD2082C87600D1CDBC /* DatePickerViewController.swift in Sources */ = {isa = PBXBuildFile; fileRef = 019387BC2082C87600D1CDBC /* DatePickerViewController.swift */; };
		019EA59B203E6FF8000149A3 /* Teams.swift in Sources */ = {isa = PBXBuildFile; fileRef = 019EA59A203E6FF8000149A3 /* Teams.swift */; };
		01A8C071208BAE44005FDA2C /* HostChecker.swift in Sources */ = {isa = PBXBuildFile; fileRef = 01A8C070208BAE44005FDA2C /* HostChecker.swift */; };
		01ABFDBC20545C68005D57C5 /* Feed.swift in Sources */ = {isa = PBXBuildFile; fileRef = 01ABFDBB20545C68005D57C5 /* Feed.swift */; };
		01D0F3C3205DBA8B008174EC /* FeedPlaylist.swift in Sources */ = {isa = PBXBuildFile; fileRef = 01D0F3C2205DBA8B008174EC /* FeedPlaylist.swift */; };
		01E593CA204B03F800CE338A /* GameManager.swift in Sources */ = {isa = PBXBuildFile; fileRef = 01E593C9204B03F800CE338A /* GameManager.swift */; };
		01E593CE204B07E400CE338A /* Game.swift in Sources */ = {isa = PBXBuildFile; fileRef = 01E593CD204B07E400CE338A /* Game.swift */; };
		01EDB67E208A8DD700E74B52 /* String+replace.swift in Sources */ = {isa = PBXBuildFile; fileRef = 01EDB67D208A8DD700E74B52 /* String+replace.swift */; };
		2DBB500360049A35282D0F72 /* Pods_LazyMan_iOS.framework in Frameworks */ = {isa = PBXBuildFile; fileRef = 6692BA5DC5F8089A7F24FDEC /* Pods_LazyMan_iOS.framework */; };
/* End PBXBuildFile section */

/* Begin PBXFileReference section */
		010DB56620423DF300DFB4A0 /* Logos.xcassets */ = {isa = PBXFileReference; lastKnownFileType = folder.assetcatalog; path = Logos.xcassets; sourceTree = "<group>"; };
		010E4583203A6964001EF46C /* GameListViewController.swift */ = {isa = PBXFileReference; lastKnownFileType = sourcecode.swift; path = GameListViewController.swift; sourceTree = "<group>"; };
		010E4585203A6B4A001EF46C /* Icons.xcassets */ = {isa = PBXFileReference; lastKnownFileType = folder.assetcatalog; path = Icons.xcassets; sourceTree = "<group>"; };
		012CB8AB203A3E7C00E76740 /* LazyMan-iOS.app */ = {isa = PBXFileReference; explicitFileType = wrapper.application; includeInIndex = 0; path = "LazyMan-iOS.app"; sourceTree = BUILT_PRODUCTS_DIR; };
		012CB8AE203A3E7C00E76740 /* AppDelegate.swift */ = {isa = PBXFileReference; lastKnownFileType = sourcecode.swift; path = AppDelegate.swift; sourceTree = "<group>"; };
		012CB8B7203A3E7C00E76740 /* Assets.xcassets */ = {isa = PBXFileReference; lastKnownFileType = folder.assetcatalog; path = Assets.xcassets; sourceTree = "<group>"; };
		012CB8BA203A3E7C00E76740 /* Base */ = {isa = PBXFileReference; lastKnownFileType = file.storyboard; name = Base; path = Base.lproj/LaunchScreen.storyboard; sourceTree = "<group>"; };
		012CB8BC203A3E7C00E76740 /* Info.plist */ = {isa = PBXFileReference; lastKnownFileType = text.plist.xml; path = Info.plist; sourceTree = "<group>"; };
		01344C8A2061D32E0040BDE7 /* GamePresenter.swift */ = {isa = PBXFileReference; lastKnownFileType = sourcecode.swift; path = GamePresenter.swift; sourceTree = "<group>"; };
		013959E9207ADF3B00E37E9C /* JSONLoader.swift */ = {isa = PBXFileReference; lastKnownFileType = sourcecode.swift; path = JSONLoader.swift; sourceTree = "<group>"; };
		01434A732040D3FF0094E221 /* GameTableViewCell.swift */ = {isa = PBXFileReference; lastKnownFileType = sourcecode.swift; path = GameTableViewCell.swift; sourceTree = "<group>"; };
		01434A752040DAA70094E221 /* GameViewController.swift */ = {isa = PBXFileReference; lastKnownFileType = sourcecode.swift; path = GameViewController.swift; sourceTree = "<group>"; };
		015F345D2050CFC40005453C /* TeamManager.swift */ = {isa = PBXFileReference; lastKnownFileType = sourcecode.swift; path = TeamManager.swift; sourceTree = "<group>"; };
		015F345F2055EA960005453C /* GameSettingsViewController.swift */ = {isa = PBXFileReference; lastKnownFileType = sourcecode.swift; path = GameSettingsViewController.swift; sourceTree = "<group>"; };
		015F34612055F1550005453C /* GameSettingsOptionsViewController.swift */ = {isa = PBXFileReference; lastKnownFileType = sourcecode.swift; path = GameSettingsOptionsViewController.swift; sourceTree = "<group>"; };
		01794C6B2072FFD5008FFFEE /* GameOptionSelector.swift */ = {isa = PBXFileReference; lastKnownFileType = sourcecode.swift; path = GameOptionSelector.swift; sourceTree = "<group>"; };
		0179AEBF2076BC4E00539C6D /* ObjectSelector.swift */ = {isa = PBXFileReference; lastKnownFileType = sourcecode.swift; path = ObjectSelector.swift; sourceTree = "<group>"; };
		0179AEC12076DB5D00539C6D /* nhlschedule2018-04-05.json */ = {isa = PBXFileReference; fileEncoding = 4; lastKnownFileType = text.json; path = "nhlschedule2018-04-05.json"; sourceTree = "<group>"; };
		0179AEC32076F84200539C6D /* mlbschedule2018-04-05.json */ = {isa = PBXFileReference; fileEncoding = 4; lastKnownFileType = text.json; path = "mlbschedule2018-04-05.json"; sourceTree = "<group>"; };
		0179AEC52076FC8000539C6D /* GameListPresenter.swift */ = {isa = PBXFileReference; lastKnownFileType = sourcecode.swift; path = GameListPresenter.swift; sourceTree = "<group>"; };
		0186CA42208A7BE800F7907A /* UIView+searcVisualEffectsSubview.swift */ = {isa = PBXFileReference; lastKnownFileType = sourcecode.swift; path = "UIView+searcVisualEffectsSubview.swift"; sourceTree = "<group>"; };
		019387BC2082C87600D1CDBC /* DatePickerViewController.swift */ = {isa = PBXFileReference; lastKnownFileType = sourcecode.swift; path = DatePickerViewController.swift; sourceTree = "<group>"; };
		019EA59A203E6FF8000149A3 /* Teams.swift */ = {isa = PBXFileReference; lastKnownFileType = sourcecode.swift; path = Teams.swift; sourceTree = "<group>"; };
		01A8C070208BAE44005FDA2C /* HostChecker.swift */ = {isa = PBXFileReference; lastKnownFileType = sourcecode.swift; path = HostChecker.swift; sourceTree = "<group>"; };
		01ABFDBB20545C68005D57C5 /* Feed.swift */ = {isa = PBXFileReference; lastKnownFileType = sourcecode.swift; path = Feed.swift; sourceTree = "<group>"; };
		01D0F3C2205DBA8B008174EC /* FeedPlaylist.swift */ = {isa = PBXFileReference; lastKnownFileType = sourcecode.swift; path = FeedPlaylist.swift; sourceTree = "<group>"; };
		01D0F3C92061CFAA008174EC /* Base */ = {isa = PBXFileReference; lastKnownFileType = file.storyboard; name = Base; path = Base.lproj/GameList.storyboard; sourceTree = "<group>"; };
		01D0F3CA2061CFB9008174EC /* Base */ = {isa = PBXFileReference; lastKnownFileType = file.storyboard; name = Base; path = Base.lproj/Game.storyboard; sourceTree = "<group>"; };
		01E593C9204B03F800CE338A /* GameManager.swift */ = {isa = PBXFileReference; lastKnownFileType = sourcecode.swift; path = GameManager.swift; sourceTree = "<group>"; };
		01E593CD204B07E400CE338A /* Game.swift */ = {isa = PBXFileReference; lastKnownFileType = sourcecode.swift; path = Game.swift; sourceTree = "<group>"; };
		01EDB67D208A8DD700E74B52 /* String+replace.swift */ = {isa = PBXFileReference; lastKnownFileType = sourcecode.swift; path = "String+replace.swift"; sourceTree = "<group>"; };
		6692BA5DC5F8089A7F24FDEC /* Pods_LazyMan_iOS.framework */ = {isa = PBXFileReference; explicitFileType = wrapper.framework; includeInIndex = 0; path = Pods_LazyMan_iOS.framework; sourceTree = BUILT_PRODUCTS_DIR; };
		AB4E0BF11AC215B0A921B72A /* Pods-LazyMan-iOS.release.xcconfig */ = {isa = PBXFileReference; includeInIndex = 1; lastKnownFileType = text.xcconfig; name = "Pods-LazyMan-iOS.release.xcconfig"; path = "Pods/Target Support Files/Pods-LazyMan-iOS/Pods-LazyMan-iOS.release.xcconfig"; sourceTree = "<group>"; };
		C2466E3CA23A454708E0B525 /* Pods-LazyMan-iOS.debug.xcconfig */ = {isa = PBXFileReference; includeInIndex = 1; lastKnownFileType = text.xcconfig; name = "Pods-LazyMan-iOS.debug.xcconfig"; path = "Pods/Target Support Files/Pods-LazyMan-iOS/Pods-LazyMan-iOS.debug.xcconfig"; sourceTree = "<group>"; };
/* End PBXFileReference section */

/* Begin PBXFrameworksBuildPhase section */
		012CB8A8203A3E7C00E76740 /* Frameworks */ = {
			isa = PBXFrameworksBuildPhase;
			buildActionMask = 2147483647;
			files = (
				2DBB500360049A35282D0F72 /* Pods_LazyMan_iOS.framework in Frameworks */,
			);
			runOnlyForDeploymentPostprocessing = 0;
		};
/* End PBXFrameworksBuildPhase section */

/* Begin PBXGroup section */
		012CB8A2203A3E7C00E76740 = {
			isa = PBXGroup;
			children = (
				012CB8AD203A3E7C00E76740 /* LazyMan-iOS */,
				012CB8AC203A3E7C00E76740 /* Products */,
				1A68C0BF12E806DE05FE9B6A /* Pods */,
				C7D593CA64B6680B8DA9516F /* Frameworks */,
			);
			sourceTree = "<group>";
		};
		012CB8AC203A3E7C00E76740 /* Products */ = {
			isa = PBXGroup;
			children = (
				012CB8AB203A3E7C00E76740 /* LazyMan-iOS.app */,
			);
			name = Products;
			sourceTree = "<group>";
		};
		012CB8AD203A3E7C00E76740 /* LazyMan-iOS */ = {
			isa = PBXGroup;
			children = (
				019387BB2081396400D1CDBC /* Example Schedules */,
				0179AEBE2076BC3600539C6D /* Util */,
				01344C892061D1200040BDE7 /* GameList */,
				01344C882061D1130040BDE7 /* GameView */,
				01D0F3C42061CBC8008174EC /* Resources */,
				012CB8AE203A3E7C00E76740 /* AppDelegate.swift */,
				01ABFDBB20545C68005D57C5 /* Feed.swift */,
				01D0F3C2205DBA8B008174EC /* FeedPlaylist.swift */,
				01E593CD204B07E400CE338A /* Game.swift */,
				01E593C9204B03F800CE338A /* GameManager.swift */,
				01434A732040D3FF0094E221 /* GameTableViewCell.swift */,
				015F345D2050CFC40005453C /* TeamManager.swift */,
				019EA59A203E6FF8000149A3 /* Teams.swift */,
			);
			path = "LazyMan-iOS";
			sourceTree = "<group>";
		};
		01344C882061D1130040BDE7 /* GameView */ = {
			isa = PBXGroup;
			children = (
				01D0F3CB2061CFB9008174EC /* Game.storyboard */,
				01344C8A2061D32E0040BDE7 /* GamePresenter.swift */,
				01434A752040DAA70094E221 /* GameViewController.swift */,
				015F345F2055EA960005453C /* GameSettingsViewController.swift */,
				015F34612055F1550005453C /* GameSettingsOptionsViewController.swift */,
				01794C6B2072FFD5008FFFEE /* GameOptionSelector.swift */,
			);
			path = GameView;
			sourceTree = "<group>";
		};
		01344C892061D1200040BDE7 /* GameList */ = {
			isa = PBXGroup;
			children = (
				012CB8B4203A3E7C00E76740 /* GameList.storyboard */,
				0179AEC52076FC8000539C6D /* GameListPresenter.swift */,
				010E4583203A6964001EF46C /* GameListViewController.swift */,
			);
			path = GameList;
			sourceTree = "<group>";
		};
		0179AEBE2076BC3600539C6D /* Util */ = {
			isa = PBXGroup;
			children = (
				01EDB67D208A8DD700E74B52 /* String+replace.swift */,
				0179AEBF2076BC4E00539C6D /* ObjectSelector.swift */,
				013959E9207ADF3B00E37E9C /* JSONLoader.swift */,
				019387BC2082C87600D1CDBC /* DatePickerViewController.swift */,
				0186CA42208A7BE800F7907A /* UIView+searcVisualEffectsSubview.swift */,
				01A8C070208BAE44005FDA2C /* HostChecker.swift */,
			);
			path = Util;
			sourceTree = "<group>";
		};
		019387BB2081396400D1CDBC /* Example Schedules */ = {
			isa = PBXGroup;
			children = (
				0179AEC12076DB5D00539C6D /* nhlschedule2018-04-05.json */,
				0179AEC32076F84200539C6D /* mlbschedule2018-04-05.json */,
			);
			path = "Example Schedules";
			sourceTree = "<group>";
		};
		01D0F3C42061CBC8008174EC /* Resources */ = {
			isa = PBXGroup;
			children = (
				012CB8B9203A3E7C00E76740 /* LaunchScreen.storyboard */,
				012CB8B7203A3E7C00E76740 /* Assets.xcassets */,
				010E4585203A6B4A001EF46C /* Icons.xcassets */,
				012CB8BC203A3E7C00E76740 /* Info.plist */,
				010DB56620423DF300DFB4A0 /* Logos.xcassets */,
			);
			path = Resources;
			sourceTree = "<group>";
		};
		1A68C0BF12E806DE05FE9B6A /* Pods */ = {
			isa = PBXGroup;
			children = (
				C2466E3CA23A454708E0B525 /* Pods-LazyMan-iOS.debug.xcconfig */,
				AB4E0BF11AC215B0A921B72A /* Pods-LazyMan-iOS.release.xcconfig */,
			);
			name = Pods;
			sourceTree = "<group>";
		};
		C7D593CA64B6680B8DA9516F /* Frameworks */ = {
			isa = PBXGroup;
			children = (
				6692BA5DC5F8089A7F24FDEC /* Pods_LazyMan_iOS.framework */,
			);
			name = Frameworks;
			sourceTree = "<group>";
		};
/* End PBXGroup section */

/* Begin PBXNativeTarget section */
		012CB8AA203A3E7C00E76740 /* LazyMan-iOS */ = {
			isa = PBXNativeTarget;
			buildConfigurationList = 012CB8BF203A3E7C00E76740 /* Build configuration list for PBXNativeTarget "LazyMan-iOS" */;
			buildPhases = (
				1A27598C587C0F45B8858311 /* [CP] Check Pods Manifest.lock */,
				012CB8A7203A3E7C00E76740 /* Sources */,
				012CB8A8203A3E7C00E76740 /* Frameworks */,
				012CB8A9203A3E7C00E76740 /* Resources */,
				426B6D90171E64CC4320375D /* [CP] Embed Pods Frameworks */,
				217844BAFF81752828390607 /* [CP] Copy Pods Resources */,
			);
			buildRules = (
			);
			dependencies = (
			);
			name = "LazyMan-iOS";
			productName = "LazyMan-iOS";
			productReference = 012CB8AB203A3E7C00E76740 /* LazyMan-iOS.app */;
			productType = "com.apple.product-type.application";
		};
/* End PBXNativeTarget section */

/* Begin PBXProject section */
		012CB8A3203A3E7C00E76740 /* Project object */ = {
			isa = PBXProject;
			attributes = {
				LastSwiftUpdateCheck = 0920;
				LastUpgradeCheck = 0930;
				ORGANIZATIONNAME = "Nick Thompson";
				TargetAttributes = {
					012CB8AA203A3E7C00E76740 = {
						CreatedOnToolsVersion = 9.2;
						ProvisioningStyle = Automatic;
					};
				};
			};
			buildConfigurationList = 012CB8A6203A3E7C00E76740 /* Build configuration list for PBXProject "LazyMan-iOS" */;
			compatibilityVersion = "Xcode 8.0";
			developmentRegion = en;
			hasScannedForEncodings = 0;
			knownRegions = (
				en,
				Base,
			);
			mainGroup = 012CB8A2203A3E7C00E76740;
			productRefGroup = 012CB8AC203A3E7C00E76740 /* Products */;
			projectDirPath = "";
			projectRoot = "";
			targets = (
				012CB8AA203A3E7C00E76740 /* LazyMan-iOS */,
			);
		};
/* End PBXProject section */

/* Begin PBXResourcesBuildPhase section */
		012CB8A9203A3E7C00E76740 /* Resources */ = {
			isa = PBXResourcesBuildPhase;
			buildActionMask = 2147483647;
			files = (
				0179AEC42076F84200539C6D /* mlbschedule2018-04-05.json in Resources */,
				012CB8BB203A3E7C00E76740 /* LaunchScreen.storyboard in Resources */,
				012CB8B8203A3E7C00E76740 /* Assets.xcassets in Resources */,
				010E4586203A6B4A001EF46C /* Icons.xcassets in Resources */,
				012CB8B6203A3E7C00E76740 /* GameList.storyboard in Resources */,
				010DB56720423DF300DFB4A0 /* Logos.xcassets in Resources */,
				01344C862061D0EC0040BDE7 /* Game.storyboard in Resources */,
				0179AEC22076DB5D00539C6D /* nhlschedule2018-04-05.json in Resources */,
			);
			runOnlyForDeploymentPostprocessing = 0;
		};
/* End PBXResourcesBuildPhase section */

/* Begin PBXShellScriptBuildPhase section */
		1A27598C587C0F45B8858311 /* [CP] Check Pods Manifest.lock */ = {
			isa = PBXShellScriptBuildPhase;
			buildActionMask = 2147483647;
			files = (
			);
			inputPaths = (
				"${PODS_PODFILE_DIR_PATH}/Podfile.lock",
				"${PODS_ROOT}/Manifest.lock",
			);
			name = "[CP] Check Pods Manifest.lock";
			outputPaths = (
				"$(DERIVED_FILE_DIR)/Pods-LazyMan-iOS-checkManifestLockResult.txt",
			);
			runOnlyForDeploymentPostprocessing = 0;
			shellPath = /bin/sh;
			shellScript = "diff \"${PODS_PODFILE_DIR_PATH}/Podfile.lock\" \"${PODS_ROOT}/Manifest.lock\" > /dev/null\nif [ $? != 0 ] ; then\n    # print error to STDERR\n    echo \"error: The sandbox is not in sync with the Podfile.lock. Run 'pod install' or update your CocoaPods installation.\" >&2\n    exit 1\nfi\n# This output is used by Xcode 'outputs' to avoid re-running this script phase.\necho \"SUCCESS\" > \"${SCRIPT_OUTPUT_FILE_0}\"\n";
			showEnvVarsInLog = 0;
		};
		217844BAFF81752828390607 /* [CP] Copy Pods Resources */ = {
			isa = PBXShellScriptBuildPhase;
			buildActionMask = 2147483647;
			files = (
			);
			inputPaths = (
			);
			name = "[CP] Copy Pods Resources";
			outputPaths = (
			);
			runOnlyForDeploymentPostprocessing = 0;
			shellPath = /bin/sh;
			shellScript = "\"${SRCROOT}/Pods/Target Support Files/Pods-LazyMan-iOS/Pods-LazyMan-iOS-resources.sh\"\n";
			showEnvVarsInLog = 0;
		};
		426B6D90171E64CC4320375D /* [CP] Embed Pods Frameworks */ = {
			isa = PBXShellScriptBuildPhase;
			buildActionMask = 2147483647;
			files = (
			);
			inputPaths = (
				"${SRCROOT}/Pods/Target Support Files/Pods-LazyMan-iOS/Pods-LazyMan-iOS-frameworks.sh",
				"${BUILT_PRODUCTS_DIR}/FSCalendar/FSCalendar.framework",
				"${BUILT_PRODUCTS_DIR}/Pantomime/Pantomime.framework",
				"${BUILT_PRODUCTS_DIR}/SwiftyJSON/SwiftyJSON.framework",
			);
			name = "[CP] Embed Pods Frameworks";
			outputPaths = (
				"${TARGET_BUILD_DIR}/${FRAMEWORKS_FOLDER_PATH}/FSCalendar.framework",
				"${TARGET_BUILD_DIR}/${FRAMEWORKS_FOLDER_PATH}/Pantomime.framework",
				"${TARGET_BUILD_DIR}/${FRAMEWORKS_FOLDER_PATH}/SwiftyJSON.framework",
			);
			runOnlyForDeploymentPostprocessing = 0;
			shellPath = /bin/sh;
			shellScript = "\"${SRCROOT}/Pods/Target Support Files/Pods-LazyMan-iOS/Pods-LazyMan-iOS-frameworks.sh\"\n";
			showEnvVarsInLog = 0;
		};
/* End PBXShellScriptBuildPhase section */

/* Begin PBXSourcesBuildPhase section */
		012CB8A7203A3E7C00E76740 /* Sources */ = {
			isa = PBXSourcesBuildPhase;
			buildActionMask = 2147483647;
			files = (
				01A8C071208BAE44005FDA2C /* HostChecker.swift in Sources */,
				0179AEC62076FC8000539C6D /* GameListPresenter.swift in Sources */,
				0179AEC02076BC4E00539C6D /* ObjectSelector.swift in Sources */,
				019387BD2082C87600D1CDBC /* DatePickerViewController.swift in Sources */,
				01434A762040DAA70094E221 /* GameViewController.swift in Sources */,
				01ABFDBC20545C68005D57C5 /* Feed.swift in Sources */,
				015F34602055EA960005453C /* GameSettingsViewController.swift in Sources */,
				01E593CA204B03F800CE338A /* GameManager.swift in Sources */,
				01E593CE204B07E400CE338A /* Game.swift in Sources */,
				0186CA43208A7BE800F7907A /* UIView+searcVisualEffectsSubview.swift in Sources */,
				019EA59B203E6FF8000149A3 /* Teams.swift in Sources */,
				015F34622055F1550005453C /* GameSettingsOptionsViewController.swift in Sources */,
				013959EA207ADF3B00E37E9C /* JSONLoader.swift in Sources */,
				01EDB67E208A8DD700E74B52 /* String+replace.swift in Sources */,
				01794C6C2072FFD5008FFFEE /* GameOptionSelector.swift in Sources */,
				01344C8B2061D32E0040BDE7 /* GamePresenter.swift in Sources */,
				01D0F3C3205DBA8B008174EC /* FeedPlaylist.swift in Sources */,
				012CB8AF203A3E7C00E76740 /* AppDelegate.swift in Sources */,
				010E4584203A6964001EF46C /* GameListViewController.swift in Sources */,
				015F345E2050CFC40005453C /* TeamManager.swift in Sources */,
				01434A742040D3FF0094E221 /* GameTableViewCell.swift in Sources */,
			);
			runOnlyForDeploymentPostprocessing = 0;
		};
/* End PBXSourcesBuildPhase section */

/* Begin PBXVariantGroup section */
		012CB8B4203A3E7C00E76740 /* GameList.storyboard */ = {
			isa = PBXVariantGroup;
			children = (
				01D0F3C92061CFAA008174EC /* Base */,
			);
			name = GameList.storyboard;
			sourceTree = "<group>";
		};
		012CB8B9203A3E7C00E76740 /* LaunchScreen.storyboard */ = {
			isa = PBXVariantGroup;
			children = (
				012CB8BA203A3E7C00E76740 /* Base */,
			);
			name = LaunchScreen.storyboard;
			sourceTree = "<group>";
		};
		01D0F3CB2061CFB9008174EC /* Game.storyboard */ = {
			isa = PBXVariantGroup;
			children = (
				01D0F3CA2061CFB9008174EC /* Base */,
			);
			name = Game.storyboard;
			sourceTree = "<group>";
		};
/* End PBXVariantGroup section */

/* Begin XCBuildConfiguration section */
		012CB8BD203A3E7C00E76740 /* Debug */ = {
			isa = XCBuildConfiguration;
			buildSettings = {
				ALWAYS_SEARCH_USER_PATHS = NO;
				CLANG_ANALYZER_NONNULL = YES;
				CLANG_ANALYZER_NUMBER_OBJECT_CONVERSION = YES_AGGRESSIVE;
				CLANG_CXX_LANGUAGE_STANDARD = "gnu++14";
				CLANG_CXX_LIBRARY = "libc++";
				CLANG_ENABLE_MODULES = YES;
				CLANG_ENABLE_OBJC_ARC = YES;
				CLANG_WARN_BLOCK_CAPTURE_AUTORELEASING = YES;
				CLANG_WARN_BOOL_CONVERSION = YES;
				CLANG_WARN_COMMA = YES;
				CLANG_WARN_CONSTANT_CONVERSION = YES;
				CLANG_WARN_DEPRECATED_OBJC_IMPLEMENTATIONS = YES;
				CLANG_WARN_DIRECT_OBJC_ISA_USAGE = YES_ERROR;
				CLANG_WARN_DOCUMENTATION_COMMENTS = YES;
				CLANG_WARN_EMPTY_BODY = YES;
				CLANG_WARN_ENUM_CONVERSION = YES;
				CLANG_WARN_INFINITE_RECURSION = YES;
				CLANG_WARN_INT_CONVERSION = YES;
				CLANG_WARN_NON_LITERAL_NULL_CONVERSION = YES;
				CLANG_WARN_OBJC_IMPLICIT_RETAIN_SELF = YES;
				CLANG_WARN_OBJC_LITERAL_CONVERSION = YES;
				CLANG_WARN_OBJC_ROOT_CLASS = YES_ERROR;
				CLANG_WARN_RANGE_LOOP_ANALYSIS = YES;
				CLANG_WARN_STRICT_PROTOTYPES = YES;
				CLANG_WARN_SUSPICIOUS_MOVE = YES;
				CLANG_WARN_UNGUARDED_AVAILABILITY = YES_AGGRESSIVE;
				CLANG_WARN_UNREACHABLE_CODE = YES;
				CLANG_WARN__DUPLICATE_METHOD_MATCH = YES;
				CODE_SIGN_IDENTITY = "iPhone Developer";
				COPY_PHASE_STRIP = NO;
				DEBUG_INFORMATION_FORMAT = dwarf;
				ENABLE_STRICT_OBJC_MSGSEND = YES;
				ENABLE_TESTABILITY = YES;
				GCC_C_LANGUAGE_STANDARD = gnu11;
				GCC_DYNAMIC_NO_PIC = NO;
				GCC_NO_COMMON_BLOCKS = YES;
				GCC_OPTIMIZATION_LEVEL = 0;
				GCC_PREPROCESSOR_DEFINITIONS = (
					"DEBUG=1",
					"$(inherited)",
				);
				GCC_WARN_64_TO_32_BIT_CONVERSION = YES;
				GCC_WARN_ABOUT_RETURN_TYPE = YES_ERROR;
				GCC_WARN_UNDECLARED_SELECTOR = YES;
				GCC_WARN_UNINITIALIZED_AUTOS = YES_AGGRESSIVE;
				GCC_WARN_UNUSED_FUNCTION = YES;
				GCC_WARN_UNUSED_VARIABLE = YES;
				IPHONEOS_DEPLOYMENT_TARGET = 9.0;
				MTL_ENABLE_DEBUG_INFO = YES;
				ONLY_ACTIVE_ARCH = YES;
				SDKROOT = iphoneos;
				SWIFT_ACTIVE_COMPILATION_CONDITIONS = DEBUG;
				SWIFT_OPTIMIZATION_LEVEL = "-Onone";
			};
			name = Debug;
		};
		012CB8BE203A3E7C00E76740 /* Release */ = {
			isa = XCBuildConfiguration;
			buildSettings = {
				ALWAYS_SEARCH_USER_PATHS = NO;
				CLANG_ANALYZER_NONNULL = YES;
				CLANG_ANALYZER_NUMBER_OBJECT_CONVERSION = YES_AGGRESSIVE;
				CLANG_CXX_LANGUAGE_STANDARD = "gnu++14";
				CLANG_CXX_LIBRARY = "libc++";
				CLANG_ENABLE_MODULES = YES;
				CLANG_ENABLE_OBJC_ARC = YES;
				CLANG_WARN_BLOCK_CAPTURE_AUTORELEASING = YES;
				CLANG_WARN_BOOL_CONVERSION = YES;
				CLANG_WARN_COMMA = YES;
				CLANG_WARN_CONSTANT_CONVERSION = YES;
				CLANG_WARN_DEPRECATED_OBJC_IMPLEMENTATIONS = YES;
				CLANG_WARN_DIRECT_OBJC_ISA_USAGE = YES_ERROR;
				CLANG_WARN_DOCUMENTATION_COMMENTS = YES;
				CLANG_WARN_EMPTY_BODY = YES;
				CLANG_WARN_ENUM_CONVERSION = YES;
				CLANG_WARN_INFINITE_RECURSION = YES;
				CLANG_WARN_INT_CONVERSION = YES;
				CLANG_WARN_NON_LITERAL_NULL_CONVERSION = YES;
				CLANG_WARN_OBJC_IMPLICIT_RETAIN_SELF = YES;
				CLANG_WARN_OBJC_LITERAL_CONVERSION = YES;
				CLANG_WARN_OBJC_ROOT_CLASS = YES_ERROR;
				CLANG_WARN_RANGE_LOOP_ANALYSIS = YES;
				CLANG_WARN_STRICT_PROTOTYPES = YES;
				CLANG_WARN_SUSPICIOUS_MOVE = YES;
				CLANG_WARN_UNGUARDED_AVAILABILITY = YES_AGGRESSIVE;
				CLANG_WARN_UNREACHABLE_CODE = YES;
				CLANG_WARN__DUPLICATE_METHOD_MATCH = YES;
				CODE_SIGN_IDENTITY = "iPhone Developer";
				COPY_PHASE_STRIP = NO;
				DEBUG_INFORMATION_FORMAT = "dwarf-with-dsym";
				ENABLE_NS_ASSERTIONS = NO;
				ENABLE_STRICT_OBJC_MSGSEND = YES;
				GCC_C_LANGUAGE_STANDARD = gnu11;
				GCC_NO_COMMON_BLOCKS = YES;
				GCC_WARN_64_TO_32_BIT_CONVERSION = YES;
				GCC_WARN_ABOUT_RETURN_TYPE = YES_ERROR;
				GCC_WARN_UNDECLARED_SELECTOR = YES;
				GCC_WARN_UNINITIALIZED_AUTOS = YES_AGGRESSIVE;
				GCC_WARN_UNUSED_FUNCTION = YES;
				GCC_WARN_UNUSED_VARIABLE = YES;
				IPHONEOS_DEPLOYMENT_TARGET = 9.0;
				MTL_ENABLE_DEBUG_INFO = NO;
				SDKROOT = iphoneos;
				SWIFT_OPTIMIZATION_LEVEL = "-Owholemodule";
				VALIDATE_PRODUCT = YES;
			};
			name = Release;
		};
		012CB8C0203A3E7C00E76740 /* Debug */ = {
			isa = XCBuildConfiguration;
			baseConfigurationReference = C2466E3CA23A454708E0B525 /* Pods-LazyMan-iOS.debug.xcconfig */;
			buildSettings = {
				ASSETCATALOG_COMPILER_APPICON_NAME = AppIcon;
				CODE_SIGN_IDENTITY = "iPhone Developer";
				"CODE_SIGN_IDENTITY[sdk=iphoneos*]" = "iPhone Developer";
				CODE_SIGN_STYLE = Automatic;
				DEVELOPMENT_TEAM = 8SQNZE245D;
				INFOPLIST_FILE = "$(SRCROOT)/LazyMan-iOS/Resources/Info.plist";
				LD_RUNPATH_SEARCH_PATHS = "$(inherited) @executable_path/Frameworks";
				PRODUCT_BUNDLE_IDENTIFIER = "guru.nickthompson.LazyMan-iOS";
				PRODUCT_NAME = "$(TARGET_NAME)";
				PROVISIONING_PROFILE_SPECIFIER = "";
				SWIFT_VERSION = 4.0;
				TARGETED_DEVICE_FAMILY = "1,2";
			};
			name = Debug;
		};
		012CB8C1203A3E7C00E76740 /* Release */ = {
			isa = XCBuildConfiguration;
			baseConfigurationReference = AB4E0BF11AC215B0A921B72A /* Pods-LazyMan-iOS.release.xcconfig */;
			buildSettings = {
				ASSETCATALOG_COMPILER_APPICON_NAME = AppIcon;
				CODE_SIGN_IDENTITY = "iPhone Developer";
				"CODE_SIGN_IDENTITY[sdk=iphoneos*]" = "iPhone Developer";
				CODE_SIGN_STYLE = Automatic;
				DEVELOPMENT_TEAM = 8SQNZE245D;
				INFOPLIST_FILE = "$(SRCROOT)/LazyMan-iOS/Resources/Info.plist";
				LD_RUNPATH_SEARCH_PATHS = "$(inherited) @executable_path/Frameworks";
				PRODUCT_BUNDLE_IDENTIFIER = "guru.nickthompson.LazyMan-iOS";
				PRODUCT_NAME = "$(TARGET_NAME)";
				PROVISIONING_PROFILE_SPECIFIER = "";
				SWIFT_VERSION = 4.0;
				TARGETED_DEVICE_FAMILY = "1,2";
			};
			name = Release;
		};
/* End XCBuildConfiguration section */

/* Begin XCConfigurationList section */
		012CB8A6203A3E7C00E76740 /* Build configuration list for PBXProject "LazyMan-iOS" */ = {
			isa = XCConfigurationList;
			buildConfigurations = (
				012CB8BD203A3E7C00E76740 /* Debug */,
				012CB8BE203A3E7C00E76740 /* Release */,
			);
			defaultConfigurationIsVisible = 0;
			defaultConfigurationName = Release;
		};
		012CB8BF203A3E7C00E76740 /* Build configuration list for PBXNativeTarget "LazyMan-iOS" */ = {
			isa = XCConfigurationList;
			buildConfigurations = (
				012CB8C0203A3E7C00E76740 /* Debug */,
				012CB8C1203A3E7C00E76740 /* Release */,
			);
			defaultConfigurationIsVisible = 0;
			defaultConfigurationName = Release;
		};
/* End XCConfigurationList section */
	};
	rootObject = 012CB8A3203A3E7C00E76740 /* Project object */;
}
